
Microsoft Visual Studio Solution File, Format Version 12.00
# Visual Studio Version 17
VisualStudioVersion = 17.4.33205.214
MinimumVisualStudioVersion = 10.0.40219.1
Project("{FAE04EC0-301F-11D3-BF4B-00C04F79EFBC}") = "Nioh2Trainer", "Nioh2Trainer\Nioh2Trainer.csproj", "{F68A2B8F-93FD-4E4E-B11B-646A59CEF819}"
EndProject
Global
	GlobalSection(SolutionConfigurationPlatforms) = preSolution
		Debug|Any CPU = Debug|Any CPU
		Release|Any CPU = Release|Any CPU
	EndGlobalSection
	GlobalSection(ProjectConfigurationPlatforms) = postSolution
		{F68A2B8F-93FD-4E4E-B11B-646A59CEF819}.Debug|Any CPU.ActiveCfg = Debug|Any CPU
		{F68A2B8F-93FD-4E4E-B11B-646A59CEF819}.Debug|Any CPU.Build.0 = Debug|Any CPU
		{F68A2B8F-93FD-4E4E-B11B-646A59CEF819}.Release|Any CPU.ActiveCfg = Release|Any CPU
		{F68A2B8F-93FD-4E4E-B11B-646A59CEF819}.Release|Any CPU.Build.0 = Release|Any CPU
	EndGlobalSection
	GlobalSection(SolutionProperties) = preSolution
		HideSolutionNode = FALSE
	EndGlobalSection
	GlobalSection(ExtensibilityGlobals) = postSolution
		SolutionGuid = {627E3F95-F1FD-4755-B6FD-CD27BDC212FA}
	EndGlobalSection
EndGlobal
